{
  "name": "e-learningProject__frontend - Copie",
  "lockfileVersion": 2,
  "requires": true,
  "packages": {
    "": {
      "dependencies": {
        "@angular/youtube-player": "^14.1.0",
        "@kolkov/angular-editor": "^3.0.0-beta.0",
        "@syncfusion/ej2-angular-richtexteditor": "^20.3.47",
        "ng-cdbangular": "^1.0.0",
        "ng2-file-upload": "^1.4.0"
      }
    },
    "node_modules/@angular-slider/ngx-slider": {
      "version": "2.0.4",
      "resolved": "https://registry.npmjs.org/@angular-slider/ngx-slider/-/ngx-slider-2.0.4.tgz",
      "integrity": "sha512-EccMcGlb2bJJWikXZBjRwdWgRiYYmWd3UCgf8l3KAlyqPAxPVgxI73wqipp4/nZwidq53a9s3OB+KC79enfM2A==",
      "dependencies": {
        "detect-passive-events": "^2.0.3",
        "rxjs": "^6.5.2",
        "tslib": "^1.9.0"
      },
      "peerDependencies": {
        "@angular/common": ">=6.1.0",
        "@angular/core": ">=6.1.0",
        "@angular/forms": ">=6.1.0"
      }
    },
    "node_modules/@angular-slider/ngx-slider/node_modules/tslib": {
      "version": "1.14.1",
      "resolved": "https://registry.npmjs.org/tslib/-/tslib-1.14.1.tgz",
      "integrity": "sha512-Xni35NKzjgMrwevysHTCArtLDpPvye8zV/0E4EyYn43P7/7qvQwPh9BGkHewbMulVntbigmcT7rdX3BNo9wRJg=="
    },
    "node_modules/@angular/youtube-player": {
      "version": "14.1.0",
      "resolved": "https://registry.npmjs.org/@angular/youtube-player/-/youtube-player-14.1.0.tgz",
      "integrity": "sha512-9l7ucJDYoxGxtf1DUevxnSwqFUlAxhF0AThCQRWOMzz7DbKOUQVejAV5mX74oTWzcIWdMjp3eYD4oWrSPR4VFA==",
      "dependencies": {
        "@types/youtube": "^0.0.42",
        "tslib": "^2.3.0"
      },
      "peerDependencies": {
        "@angular/common": "^14.0.0 || ^15.0.0",
        "@angular/core": "^14.0.0 || ^15.0.0",
        "rxjs": "^6.5.3 || ^7.4.0"
      }
    },
    "node_modules/@kolkov/angular-editor": {
      "version": "3.0.0-beta.0",
      "resolved": "https://registry.npmjs.org/@kolkov/angular-editor/-/angular-editor-3.0.0-beta.0.tgz",
      "integrity": "sha512-uUa8FW9lFskfL8rans7YRtUQIVK1Qj8bBT9q1MwPXFZ1t+/KfPk62FL5IuMfcnu28UfKl0J2AnGYwbQe4h+Etw==",
      "dependencies": {
        "tslib": "^2.3.0"
      },
      "peerDependencies": {
        "@angular/common": ">=13",
        "@angular/core": ">=13"
      }
    },
    "node_modules/@popperjs/core": {
      "version": "2.11.5",
      "resolved": "https://registry.npmjs.org/@popperjs/core/-/core-2.11.5.tgz",
      "integrity": "sha512-9X2obfABZuDVLCgPK9aX0a/x4jaOEweTTWE2+9sr0Qqqevj2Uv5XorvusThmc9XGYpS9yI+fhh8RTafBtGposw==",
      "funding": {
        "type": "opencollective",
        "url": "https://opencollective.com/popperjs"
      }
    },
    "node_modules/@syncfusion/ej2-angular-base": {
      "version": "20.3.47",
      "resolved": "https://registry.npmjs.org/@syncfusion/ej2-angular-base/-/ej2-angular-base-20.3.47.tgz",
      "integrity": "sha512-B3xcRHPK1RiqUvSTkOyXocn6SjUNWK3oQ/L2Vl9m2Y5Jn+/b/4dng+wlNkzNQ3YmQ2Gc7PKETpdJQzp9qrUuxg==",
      "hasInstallScript": true,
      "dependencies": {
        "@syncfusion/ej2-base": "~20.3.47",
        "@syncfusion/ej2-icons": "~20.3.47",
        "core-js": "^3.4.8",
        "reflect-metadata": "^0.1.9",
        "rxjs": "^6.5.4",
        "rxjs-compat": "^6.5.4",
        "zone.js": "^0.10.2"
      }
    },
    "node_modules/@syncfusion/ej2-angular-richtexteditor": {
      "version": "20.3.47",
      "resolved": "https://registry.npmjs.org/@syncfusion/ej2-angular-richtexteditor/-/ej2-angular-richtexteditor-20.3.47.tgz",
      "integrity": "sha512-C3fF26h7KUGaYzqoTF4d8fGQoo/k1SsooaY8q0/Tl29Xg61Yta32kqOJ7IE+HDWHrGN18W7F0H3l0ICkwXMuoA==",
      "dependencies": {
        "@syncfusion/ej2-angular-base": "~20.3.47",
        "@syncfusion/ej2-base": "~20.3.47",
        "@syncfusion/ej2-richtexteditor": "20.3.47",
        "tslib": "^2.3.0"
      }
    },
    "node_modules/@syncfusion/ej2-base": {
      "version": "20.3.47",
      "resolved": "https://registry.npmjs.org/@syncfusion/ej2-base/-/ej2-base-20.3.47.tgz",
      "integrity": "sha512-KxNtnDihagW+RzAEUi2cW9LzIeOYowGnOPa8OIXvWWhPg9YcbkAZwP53oM21/Ob3zQR7V/f37/zfjRXdBSwRTg==",
      "dependencies": {
        "@syncfusion/ej2-icons": "~20.3.47"
      },
      "bin": {
        "syncfusion-license": "bin/syncfusion-license.js"
      }
    },
    "node_modules/@syncfusion/ej2-buttons": {
      "version": "20.3.47",
      "resolved": "https://registry.npmjs.org/@syncfusion/ej2-buttons/-/ej2-buttons-20.3.47.tgz",
      "integrity": "sha512-UvDGYww4b5s9AjWVSylK6O41jDfVGseeM6ZP7XYV2J4SxBsWBzhqwt6s3CCw8L1sQy0mpL3e6TVtyAx2lYkSoQ==",
      "dependencies": {
        "@syncfusion/ej2-base": "~20.3.47"
      }
    },
    "node_modules/@syncfusion/ej2-calendars": {
      "version": "20.3.47",
      "resolved": "https://registry.npmjs.org/@syncfusion/ej2-calendars/-/ej2-calendars-20.3.47.tgz",
      "integrity": "sha512-MZQiEG8K2AB6Y++aVHyhP+uk1VyIkdTTjl18l6Krd6VSySGwKhCG96U0MlykRPiXg6iJSQk4VtiNCyaZoQL2lw==",
      "dependencies": {
        "@syncfusion/ej2-base": "~20.3.47",
        "@syncfusion/ej2-buttons": "~20.3.47",
        "@syncfusion/ej2-inputs": "~20.3.47",
        "@syncfusion/ej2-lists": "~20.3.47",
        "@syncfusion/ej2-popups": "~20.3.47"
      }
    },
    "node_modules/@syncfusion/ej2-compression": {
      "version": "20.3.47",
      "resolved": "https://registry.npmjs.org/@syncfusion/ej2-compression/-/ej2-compression-20.3.47.tgz",
      "integrity": "sha512-IsVWdDwkEHMJmXug5PtlQXANbj9ZrGFmlPpH+LysulW2RrJWvyATl0CJpynjtD2MPqOuaD+LSTh3vu3WrIP7wg==",
      "dependencies": {
        "@syncfusion/ej2-file-utils": "~20.3.47"
      }
    },
    "node_modules/@syncfusion/ej2-data": {
      "version": "20.3.47",
      "resolved": "https://registry.npmjs.org/@syncfusion/ej2-data/-/ej2-data-20.3.47.tgz",
      "integrity": "sha512-Rd8v7LWCFHNKVd7+sra2pvoclKfCdmSS3OTHzO18H9uipXo9E1TNLOPzfhtp0eR6MCYd2jzfatTtNfyVVKu/6w==",
      "dependencies": {
        "@syncfusion/ej2-base": "~20.3.47"
      }
    },
    "node_modules/@syncfusion/ej2-dropdowns": {
      "version": "20.3.47",
      "resolved": "https://registry.npmjs.org/@syncfusion/ej2-dropdowns/-/ej2-dropdowns-20.3.47.tgz",
      "integrity": "sha512-r8bMCuGWZ/0xSvl1y7M/2nQ9uLIJIbob1TJK6M7RUFvO7MqsPz/qxYdOfHPOuDawJi27Pl5zLMC+xLbZ7XH2Hw==",
      "dependencies": {
        "@syncfusion/ej2-base": "~20.3.47",
        "@syncfusion/ej2-data": "~20.3.47",
        "@syncfusion/ej2-inputs": "~20.3.47",
        "@syncfusion/ej2-lists": "~20.3.47",
        "@syncfusion/ej2-navigations": "~20.3.47",
        "@syncfusion/ej2-popups": "~20.3.47"
      }
    },
    "node_modules/@syncfusion/ej2-excel-export": {
      "version": "20.3.47",
      "resolved": "https://registry.npmjs.org/@syncfusion/ej2-excel-export/-/ej2-excel-export-20.3.47.tgz",
      "integrity": "sha512-fgaM/63m8rXNCXNP2yKU4aue7Sn17Ed7doUGPGf8RA+wtfAwyrKK5br1PA/PErUY1IOfSLcaq+mpLRxW9oCjzA==",
      "dependencies": {
        "@syncfusion/ej2-base": "~20.3.47",
        "@syncfusion/ej2-compression": "~20.3.47"
      }
    },
    "node_modules/@syncfusion/ej2-file-utils": {
      "version": "20.3.47",
      "resolved": "https://registry.npmjs.org/@syncfusion/ej2-file-utils/-/ej2-file-utils-20.3.47.tgz",
      "integrity": "sha512-OKoQIXMuzyeGVTAAwnkTQMAhfJdtzpqmJLjCUV+dyvQBO1wldftgnr5iXGvL3Faa8fEkQPmOZeI7FGS6rPc/UA=="
    },
    "node_modules/@syncfusion/ej2-filemanager": {
      "version": "20.3.47",
      "resolved": "https://registry.npmjs.org/@syncfusion/ej2-filemanager/-/ej2-filemanager-20.3.47.tgz",
      "integrity": "sha512-QXLXA0M3q+t07t7w1blRqd/7iUOFMy6N0q2nNSPaGpR6fHL4sZfMNhQNhBulHqtUA0fUxwRTLxDwGtEspvnLAQ==",
      "dependencies": {
        "@syncfusion/ej2-base": "~20.3.47",
        "@syncfusion/ej2-buttons": "~20.3.47",
        "@syncfusion/ej2-data": "~20.3.47",
        "@syncfusion/ej2-grids": "~20.3.47",
        "@syncfusion/ej2-inputs": "~20.3.47",
        "@syncfusion/ej2-layouts": "~20.3.47",
        "@syncfusion/ej2-lists": "~20.3.47",
        "@syncfusion/ej2-navigations": "~20.3.47",
        "@syncfusion/ej2-popups": "~20.3.47",
        "@syncfusion/ej2-splitbuttons": "~20.3.47"
      }
    },
    "node_modules/@syncfusion/ej2-grids": {
      "version": "20.3.47",
      "resolved": "https://registry.npmjs.org/@syncfusion/ej2-grids/-/ej2-grids-20.3.47.tgz",
      "integrity": "sha512-vtVmsYISHCWf5O1fgQtFZEm4OLwT95veK/o8nasa9HUacJD3p++jx9HNQFWPq/DcKr4JUBGSo6RrjB62sCPLcg==",
      "dependencies": {
        "@syncfusion/ej2-base": "~20.3.47",
        "@syncfusion/ej2-buttons": "~20.3.47",
        "@syncfusion/ej2-calendars": "~20.3.47",
        "@syncfusion/ej2-compression": "~20.3.47",
        "@syncfusion/ej2-data": "~20.3.47",
        "@syncfusion/ej2-dropdowns": "~20.3.47",
        "@syncfusion/ej2-excel-export": "~20.3.47",
        "@syncfusion/ej2-file-utils": "~20.3.47",
        "@syncfusion/ej2-inputs": "~20.3.47",
        "@syncfusion/ej2-lists": "~20.3.47",
        "@syncfusion/ej2-navigations": "~20.3.47",
        "@syncfusion/ej2-notifications": "~20.3.47",
        "@syncfusion/ej2-pdf-export": "~20.3.47",
        "@syncfusion/ej2-popups": "~20.3.47",
        "@syncfusion/ej2-splitbuttons": "~20.3.47"
      }
    },
    "node_modules/@syncfusion/ej2-icons": {
      "version": "20.3.47",
      "resolved": "https://registry.npmjs.org/@syncfusion/ej2-icons/-/ej2-icons-20.3.47.tgz",
      "integrity": "sha512-5uQEkkyene5mm/o1G7GMSJqmSrFOWFyuJdEIqzZYBzr+7hwlq6P919A/XR3eDBJSIz1wTN65bTQ9SCl4j/us1g=="
    },
    "node_modules/@syncfusion/ej2-inputs": {
      "version": "20.3.47",
      "resolved": "https://registry.npmjs.org/@syncfusion/ej2-inputs/-/ej2-inputs-20.3.47.tgz",
      "integrity": "sha512-eW//KpJDB4PY7vTCcjl5OlQgpIgEt9R6i92CDfjUdrBJS5oD7TtWrdWHzbmYQHiUJap88GFR29/TbZwxyvaOZw==",
      "dependencies": {
        "@syncfusion/ej2-base": "~20.3.47",
        "@syncfusion/ej2-buttons": "~20.3.47",
        "@syncfusion/ej2-popups": "~20.3.47",
        "@syncfusion/ej2-splitbuttons": "~20.3.47"
      }
    },
    "node_modules/@syncfusion/ej2-layouts": {
      "version": "20.3.47",
      "resolved": "https://registry.npmjs.org/@syncfusion/ej2-layouts/-/ej2-layouts-20.3.47.tgz",
      "integrity": "sha512-uYdELhxMYyHWcAzmzaVUhLywQX52cLHlPj9ikSveXDUGNXlOYWr3JZA6FzcoYc+ZpgaWQ/9+LhqWK9Iazncx0g==",
      "dependencies": {
        "@syncfusion/ej2-base": "~20.3.47"
      }
    },
    "node_modules/@syncfusion/ej2-lists": {
      "version": "20.3.47",
      "resolved": "https://registry.npmjs.org/@syncfusion/ej2-lists/-/ej2-lists-20.3.47.tgz",
      "integrity": "sha512-8TnBaltCBioqKef4g0/LVSuPOHGK0fnNcTYj3LrR6s2mV0NScZtbMCbDSWQu1T4mHAzxYAsm5jCa6Y6lx2h66g==",
      "dependencies": {
        "@syncfusion/ej2-base": "~20.3.47",
        "@syncfusion/ej2-buttons": "~20.3.47",
        "@syncfusion/ej2-data": "~20.3.47"
      }
    },
    "node_modules/@syncfusion/ej2-navigations": {
      "version": "20.3.47",
      "resolved": "https://registry.npmjs.org/@syncfusion/ej2-navigations/-/ej2-navigations-20.3.47.tgz",
      "integrity": "sha512-vVuYygNaU47aln9o1nGgDE9HmnRr/vhbXmCWNozKm8KB1jKDSLVEKxV9+q/I8q8VLwziW4bkha0893ezNpN2Ag==",
      "dependencies": {
        "@syncfusion/ej2-base": "~20.3.47",
        "@syncfusion/ej2-buttons": "~20.3.47",
        "@syncfusion/ej2-data": "~20.3.47",
        "@syncfusion/ej2-inputs": "~20.3.47",
        "@syncfusion/ej2-lists": "~20.3.47",
        "@syncfusion/ej2-popups": "~20.3.47"
      }
    },
    "node_modules/@syncfusion/ej2-notifications": {
      "version": "20.3.47",
      "resolved": "https://registry.npmjs.org/@syncfusion/ej2-notifications/-/ej2-notifications-20.3.47.tgz",
      "integrity": "sha512-aXSL2sdmF/dhyMBNA99uMZkIuTw6Dd06IHKgE8PXTeOjxP56Q+iUSVv2acP+GRnq1nG0mom6XOZ1nl2H0JGHfQ==",
      "dependencies": {
        "@syncfusion/ej2-base": "~20.3.47",
        "@syncfusion/ej2-buttons": "~20.3.47",
        "@syncfusion/ej2-popups": "~20.3.47"
      }
    },
    "node_modules/@syncfusion/ej2-pdf-export": {
      "version": "20.3.47",
      "resolved": "https://registry.npmjs.org/@syncfusion/ej2-pdf-export/-/ej2-pdf-export-20.3.47.tgz",
      "integrity": "sha512-P1UBNRXTn23muxEUO/7LvrLvuhYWpvw1xHaa3rtLENYlQ6ycyqLgcL1nkZ9FOO/+AARagCV/IHiWdVDFE2pF3g==",
      "dependencies": {
        "@syncfusion/ej2-compression": "~20.3.47"
      }
    },
    "node_modules/@syncfusion/ej2-popups": {
      "version": "20.3.47",
      "resolved": "https://registry.npmjs.org/@syncfusion/ej2-popups/-/ej2-popups-20.3.47.tgz",
      "integrity": "sha512-5MMkdB4hk0/thA8oxeSA93z83ci/D1nQV7leo03wUacutU7KE4Wq2eT5fmkYikmbjw8JcKA6Xlxc/NfwWEDFqQ==",
      "dependencies": {
        "@syncfusion/ej2-base": "~20.3.47",
        "@syncfusion/ej2-buttons": "~20.3.47"
      }
    },
    "node_modules/@syncfusion/ej2-richtexteditor": {
      "version": "20.3.47",
      "resolved": "https://registry.npmjs.org/@syncfusion/ej2-richtexteditor/-/ej2-richtexteditor-20.3.47.tgz",
      "integrity": "sha512-/eqNtG0peZEaFs/0hcZ3bZ3rlGhmoXiZjrbqUgErNA9WmQx1yriyxGGucYW9eqQ5LmFQ3F7QhNMAkIWty1L/DA==",
      "dependencies": {
        "@syncfusion/ej2-base": "~20.3.47",
        "@syncfusion/ej2-buttons": "~20.3.47",
        "@syncfusion/ej2-filemanager": "~20.3.47",
        "@syncfusion/ej2-inputs": "~20.3.47",
        "@syncfusion/ej2-navigations": "~20.3.47",
        "@syncfusion/ej2-popups": "~20.3.47",
        "@syncfusion/ej2-splitbuttons": "~20.3.47"
      }
    },
    "node_modules/@syncfusion/ej2-splitbuttons": {
      "version": "20.3.47",
      "resolved": "https://registry.npmjs.org/@syncfusion/ej2-splitbuttons/-/ej2-splitbuttons-20.3.47.tgz",
      "integrity": "sha512-0yPicWMdBzXgUTz3R7kOftBF8T5PXWcirES9KqMeR2Nn1ERt7r7VCSaGlVVtevWmxdPMaRMbyql6taXqiP78Ug==",
      "dependencies": {
        "@syncfusion/ej2-base": "~20.3.47",
        "@syncfusion/ej2-popups": "~20.3.47"
      }
    },
    "node_modules/@types/youtube": {
      "version": "0.0.42",
      "resolved": "https://registry.npmjs.org/@types/youtube/-/youtube-0.0.42.tgz",
      "integrity": "sha512-Nqo3HMPFPcNyZ7HNFZJjpH+N4yXqpxBItG+41e7nL9zednovMRZMXWj36CctSznbBcbj6ucvkJDo5iZ8SKqLIw=="
    },
    "node_modules/bootstrap-css-only": {
      "version": "4.4.1",
      "resolved": "https://registry.npmjs.org/bootstrap-css-only/-/bootstrap-css-only-4.4.1.tgz",
      "integrity": "sha512-iBgNli7RnedBFwn6sMTQoAZ8WgIwmX4kF1rckfj+pgro5q/Q0DbLtcpfH60XoFnCXzbEJU/khC/B2EQap89mCg=="
    },
    "node_modules/core-js": {
      "version": "3.25.5",
      "resolved": "https://registry.npmjs.org/core-js/-/core-js-3.25.5.tgz",
      "integrity": "sha512-nbm6eZSjm+ZuBQxCUPQKQCoUEfFOXjUZ8dTTyikyKaWrTYmAVbykQfwsKE5dBK88u3QCkCrzsx/PPlKfhsvgpw==",
      "hasInstallScript": true,
      "funding": {
        "type": "opencollective",
        "url": "https://opencollective.com/core-js"
      }
    },
    "node_modules/detect-it": {
      "version": "4.0.1",
      "resolved": "https://registry.npmjs.org/detect-it/-/detect-it-4.0.1.tgz",
      "integrity": "sha512-dg5YBTJYvogK1+dA2mBUDKzOWfYZtHVba89SyZUhc4+e3i2tzgjANFg5lDRCd3UOtRcw00vUTMK8LELcMdicug=="
    },
    "node_modules/detect-passive-events": {
      "version": "2.0.3",
      "resolved": "https://registry.npmjs.org/detect-passive-events/-/detect-passive-events-2.0.3.tgz",
      "integrity": "sha512-QN/1X65Axis6a9D8qg8Py9cwY/fkWAmAH/edTbmLMcv4m5dboLJ7LcAi8CfaCON2tjk904KwKX/HTdsHC6yeRg==",
      "dependencies": {
        "detect-it": "^4.0.1"
      }
    },
    "node_modules/ng-cdbangular": {
      "version": "1.0.0",
      "resolved": "https://registry.npmjs.org/ng-cdbangular/-/ng-cdbangular-1.0.0.tgz",
      "integrity": "sha512-fOU976pc7DBVSyeryhTK3S7+ZaZhO77kW2Ds00TImVoQexlX1Ysl9m1F5pQZ14u/aCW2X7xNi2KPYfDeKXRPrQ==",
      "dependencies": {
        "@angular-slider/ngx-slider": "^2.0.3",
        "@popperjs/core": "^2.5.4",
        "bootstrap-css-only": "^4.4.1",
        "tslib": "^2.0.0"
      },
      "peerDependencies": {
        "@angular/common": "^10.2.4",
        "@angular/core": "^10.2.4"
      }
    },
    "node_modules/ng2-file-upload": {
      "version": "1.4.0",
      "resolved": "https://registry.npmjs.org/ng2-file-upload/-/ng2-file-upload-1.4.0.tgz",
      "integrity": "sha512-3J/KPU/tyh/ad6TFeUbrxX+SihUj0iOEt2Zsg4EX7mB3GFiQscXOfcUOxCkBtPWWWaqt3azrYbVGzsYa3/7NzQ==",
      "dependencies": {
        "tslib": "^1.9.0"
      },
      "peerDependencies": {
        "@angular/common": "*",
        "@angular/core": "*"
      }
    },
    "node_modules/ng2-file-upload/node_modules/tslib": {
      "version": "1.14.1",
      "resolved": "https://registry.npmjs.org/tslib/-/tslib-1.14.1.tgz",
      "integrity": "sha512-Xni35NKzjgMrwevysHTCArtLDpPvye8zV/0E4EyYn43P7/7qvQwPh9BGkHewbMulVntbigmcT7rdX3BNo9wRJg=="
    },
    "node_modules/reflect-metadata": {
      "version": "0.1.13",
      "resolved": "https://registry.npmjs.org/reflect-metadata/-/reflect-metadata-0.1.13.tgz",
      "integrity": "sha512-Ts1Y/anZELhSsjMcU605fU9RE4Oi3p5ORujwbIKXfWa+0Zxs510Qrmrce5/Jowq3cHSZSJqBjypxmHarc+vEWg=="
    },
    "node_modules/rxjs": {
      "version": "6.6.7",
      "resolved": "https://registry.npmjs.org/rxjs/-/rxjs-6.6.7.tgz",
      "integrity": "sha512-hTdwr+7yYNIT5n4AMYp85KA6yw2Va0FLa3Rguvbpa4W3I5xynaBZo41cM3XM+4Q6fRMj3sBYIR1VAmZMXYJvRQ==",
      "dependencies": {
        "tslib": "^1.9.0"
      },
      "engines": {
        "npm": ">=2.0.0"
      }
    },
    "node_modules/rxjs-compat": {
      "version": "6.6.7",
      "resolved": "https://registry.npmjs.org/rxjs-compat/-/rxjs-compat-6.6.7.tgz",
      "integrity": "sha512-szN4fK+TqBPOFBcBcsR0g2cmTTUF/vaFEOZNuSdfU8/pGFnNmmn2u8SystYXG1QMrjOPBc6XTKHMVfENDf6hHw=="
    },
    "node_modules/rxjs/node_modules/tslib": {
      "version": "1.14.1",
      "resolved": "https://registry.npmjs.org/tslib/-/tslib-1.14.1.tgz",
      "integrity": "sha512-Xni35NKzjgMrwevysHTCArtLDpPvye8zV/0E4EyYn43P7/7qvQwPh9BGkHewbMulVntbigmcT7rdX3BNo9wRJg=="
    },
    "node_modules/tslib": {
      "version": "2.4.0",
      "resolved": "https://registry.npmjs.org/tslib/-/tslib-2.4.0.tgz",
      "integrity": "sha512-d6xOpEDfsi2CZVlPQzGeux8XMwLT9hssAsaPYExaQMuYskwb+x1x7J371tWlbBdWHroy99KnVB6qIkUbs5X3UQ=="
    },
    "node_modules/zone.js": {
      "version": "0.10.3",
      "resolved": "https://registry.npmjs.org/zone.js/-/zone.js-0.10.3.tgz",
      "integrity": "sha512-LXVLVEq0NNOqK/fLJo3d0kfzd4sxwn2/h67/02pjCjfKDxgx1i9QqpvtHD8CrBnSSwMw5+dy11O7FRX5mkO7Cg=="
    }
  },
  "dependencies": {
    "@angular-slider/ngx-slider": {
      "version": "2.0.4",
      "resolved": "https://registry.npmjs.org/@angular-slider/ngx-slider/-/ngx-slider-2.0.4.tgz",
      "integrity": "sha512-EccMcGlb2bJJWikXZBjRwdWgRiYYmWd3UCgf8l3KAlyqPAxPVgxI73wqipp4/nZwidq53a9s3OB+KC79enfM2A==",
      "requires": {
        "detect-passive-events": "^2.0.3",
        "rxjs": "^6.5.2",
        "tslib": "^1.9.0"
      },
      "dependencies": {
        "tslib": {
          "version": "1.14.1",
          "resolved": "https://registry.npmjs.org/tslib/-/tslib-1.14.1.tgz",
          "integrity": "sha512-Xni35NKzjgMrwevysHTCArtLDpPvye8zV/0E4EyYn43P7/7qvQwPh9BGkHewbMulVntbigmcT7rdX3BNo9wRJg=="
        }
      }
    },
    "@angular/youtube-player": {
      "version": "14.1.0",
      "resolved": "https://registry.npmjs.org/@angular/youtube-player/-/youtube-player-14.1.0.tgz",
      "integrity": "sha512-9l7ucJDYoxGxtf1DUevxnSwqFUlAxhF0AThCQRWOMzz7DbKOUQVejAV5mX74oTWzcIWdMjp3eYD4oWrSPR4VFA==",
      "requires": {
        "@types/youtube": "^0.0.42",
        "tslib": "^2.3.0"
      }
    },
    "@kolkov/angular-editor": {
      "version": "3.0.0-beta.0",
      "resolved": "https://registry.npmjs.org/@kolkov/angular-editor/-/angular-editor-3.0.0-beta.0.tgz",
      "integrity": "sha512-uUa8FW9lFskfL8rans7YRtUQIVK1Qj8bBT9q1MwPXFZ1t+/KfPk62FL5IuMfcnu28UfKl0J2AnGYwbQe4h+Etw==",
      "requires": {
        "tslib": "^2.3.0"
      }
    },
    "@popperjs/core": {
      "version": "2.11.5",
      "resolved": "https://registry.npmjs.org/@popperjs/core/-/core-2.11.5.tgz",
      "integrity": "sha512-9X2obfABZuDVLCgPK9aX0a/x4jaOEweTTWE2+9sr0Qqqevj2Uv5XorvusThmc9XGYpS9yI+fhh8RTafBtGposw=="
    },
    "@syncfusion/ej2-angular-base": {
      "version": "20.3.47",
      "resolved": "https://registry.npmjs.org/@syncfusion/ej2-angular-base/-/ej2-angular-base-20.3.47.tgz",
      "integrity": "sha512-B3xcRHPK1RiqUvSTkOyXocn6SjUNWK3oQ/L2Vl9m2Y5Jn+/b/4dng+wlNkzNQ3YmQ2Gc7PKETpdJQzp9qrUuxg==",
      "requires": {
        "@syncfusion/ej2-base": "~20.3.47",
        "@syncfusion/ej2-icons": "~20.3.47",
        "core-js": "^3.4.8",
        "reflect-metadata": "^0.1.9",
        "rxjs": "^6.5.4",
        "rxjs-compat": "^6.5.4",
        "zone.js": "^0.10.2"
      }
    },
    "@syncfusion/ej2-angular-richtexteditor": {
      "version": "20.3.47",
      "resolved": "https://registry.npmjs.org/@syncfusion/ej2-angular-richtexteditor/-/ej2-angular-richtexteditor-20.3.47.tgz",
      "integrity": "sha512-C3fF26h7KUGaYzqoTF4d8fGQoo/k1SsooaY8q0/Tl29Xg61Yta32kqOJ7IE+HDWHrGN18W7F0H3l0ICkwXMuoA==",
      "requires": {
        "@syncfusion/ej2-angular-base": "~20.3.47",
        "@syncfusion/ej2-base": "~20.3.47",
        "@syncfusion/ej2-richtexteditor": "20.3.47",
        "tslib": "^2.3.0"
      }
    },
    "@syncfusion/ej2-base": {
      "version": "20.3.47",
      "resolved": "https://registry.npmjs.org/@syncfusion/ej2-base/-/ej2-base-20.3.47.tgz",
      "integrity": "sha512-KxNtnDihagW+RzAEUi2cW9LzIeOYowGnOPa8OIXvWWhPg9YcbkAZwP53oM21/Ob3zQR7V/f37/zfjRXdBSwRTg==",
      "requires": {
        "@syncfusion/ej2-icons": "~20.3.47"
      }
    },
    "@syncfusion/ej2-buttons": {
      "version": "20.3.47",
      "resolved": "https://registry.npmjs.org/@syncfusion/ej2-buttons/-/ej2-buttons-20.3.47.tgz",
      "integrity": "sha512-UvDGYww4b5s9AjWVSylK6O41jDfVGseeM6ZP7XYV2J4SxBsWBzhqwt6s3CCw8L1sQy0mpL3e6TVtyAx2lYkSoQ==",
      "requires": {
        "@syncfusion/ej2-base": "~20.3.47"
      }
    },
    "@syncfusion/ej2-calendars": {
      "version": "20.3.47",
      "resolved": "https://registry.npmjs.org/@syncfusion/ej2-calendars/-/ej2-calendars-20.3.47.tgz",
      "integrity": "sha512-MZQiEG8K2AB6Y++aVHyhP+uk1VyIkdTTjl18l6Krd6VSySGwKhCG96U0MlykRPiXg6iJSQk4VtiNCyaZoQL2lw==",
      "requires": {
        "@syncfusion/ej2-base": "~20.3.47",
        "@syncfusion/ej2-buttons": "~20.3.47",
        "@syncfusion/ej2-inputs": "~20.3.47",
        "@syncfusion/ej2-lists": "~20.3.47",
        "@syncfusion/ej2-popups": "~20.3.47"
      }
    },
    "@syncfusion/ej2-compression": {
      "version": "20.3.47",
      "resolved": "https://registry.npmjs.org/@syncfusion/ej2-compression/-/ej2-compression-20.3.47.tgz",
      "integrity": "sha512-IsVWdDwkEHMJmXug5PtlQXANbj9ZrGFmlPpH+LysulW2RrJWvyATl0CJpynjtD2MPqOuaD+LSTh3vu3WrIP7wg==",
      "requires": {
        "@syncfusion/ej2-file-utils": "~20.3.47"
      }
    },
    "@syncfusion/ej2-data": {
      "version": "20.3.47",
      "resolved": "https://registry.npmjs.org/@syncfusion/ej2-data/-/ej2-data-20.3.47.tgz",
      "integrity": "sha512-Rd8v7LWCFHNKVd7+sra2pvoclKfCdmSS3OTHzO18H9uipXo9E1TNLOPzfhtp0eR6MCYd2jzfatTtNfyVVKu/6w==",
      "requires": {
        "@syncfusion/ej2-base": "~20.3.47"
      }
    },
    "@syncfusion/ej2-dropdowns": {
      "version": "20.3.47",
      "resolved": "https://registry.npmjs.org/@syncfusion/ej2-dropdowns/-/ej2-dropdowns-20.3.47.tgz",
      "integrity": "sha512-r8bMCuGWZ/0xSvl1y7M/2nQ9uLIJIbob1TJK6M7RUFvO7MqsPz/qxYdOfHPOuDawJi27Pl5zLMC+xLbZ7XH2Hw==",
      "requires": {
        "@syncfusion/ej2-base": "~20.3.47",
        "@syncfusion/ej2-data": "~20.3.47",
        "@syncfusion/ej2-inputs": "~20.3.47",
        "@syncfusion/ej2-lists": "~20.3.47",
        "@syncfusion/ej2-navigations": "~20.3.47",
        "@syncfusion/ej2-popups": "~20.3.47"
      }
    },
    "@syncfusion/ej2-excel-export": {
      "version": "20.3.47",
      "resolved": "https://registry.npmjs.org/@syncfusion/ej2-excel-export/-/ej2-excel-export-20.3.47.tgz",
      "integrity": "sha512-fgaM/63m8rXNCXNP2yKU4aue7Sn17Ed7doUGPGf8RA+wtfAwyrKK5br1PA/PErUY1IOfSLcaq+mpLRxW9oCjzA==",
      "requires": {
        "@syncfusion/ej2-base": "~20.3.47",
        "@syncfusion/ej2-compression": "~20.3.47"
      }
    },
    "@syncfusion/ej2-file-utils": {
      "version": "20.3.47",
      "resolved": "https://registry.npmjs.org/@syncfusion/ej2-file-utils/-/ej2-file-utils-20.3.47.tgz",
      "integrity": "sha512-OKoQIXMuzyeGVTAAwnkTQMAhfJdtzpqmJLjCUV+dyvQBO1wldftgnr5iXGvL3Faa8fEkQPmOZeI7FGS6rPc/UA=="
    },
    "@syncfusion/ej2-filemanager": {
      "version": "20.3.47",
      "resolved": "https://registry.npmjs.org/@syncfusion/ej2-filemanager/-/ej2-filemanager-20.3.47.tgz",
      "integrity": "sha512-QXLXA0M3q+t07t7w1blRqd/7iUOFMy6N0q2nNSPaGpR6fHL4sZfMNhQNhBulHqtUA0fUxwRTLxDwGtEspvnLAQ==",
      "requires": {
        "@syncfusion/ej2-base": "~20.3.47",
        "@syncfusion/ej2-buttons": "~20.3.47",
        "@syncfusion/ej2-data": "~20.3.47",
        "@syncfusion/ej2-grids": "~20.3.47",
        "@syncfusion/ej2-inputs": "~20.3.47",
        "@syncfusion/ej2-layouts": "~20.3.47",
        "@syncfusion/ej2-lists": "~20.3.47",
        "@syncfusion/ej2-navigations": "~20.3.47",
        "@syncfusion/ej2-popups": "~20.3.47",
        "@syncfusion/ej2-splitbuttons": "~20.3.47"
      }
    },
    "@syncfusion/ej2-grids": {
      "version": "20.3.47",
      "resolved": "https://registry.npmjs.org/@syncfusion/ej2-grids/-/ej2-grids-20.3.47.tgz",
      "integrity": "sha512-vtVmsYISHCWf5O1fgQtFZEm4OLwT95veK/o8nasa9HUacJD3p++jx9HNQFWPq/DcKr4JUBGSo6RrjB62sCPLcg==",
      "requires": {
        "@syncfusion/ej2-base": "~20.3.47",
        "@syncfusion/ej2-buttons": "~20.3.47",
        "@syncfusion/ej2-calendars": "~20.3.47",
        "@syncfusion/ej2-compression": "~20.3.47",
        "@syncfusion/ej2-data": "~20.3.47",
        "@syncfusion/ej2-dropdowns": "~20.3.47",
        "@syncfusion/ej2-excel-export": "~20.3.47",
        "@syncfusion/ej2-file-utils": "~20.3.47",
        "@syncfusion/ej2-inputs": "~20.3.47",
        "@syncfusion/ej2-lists": "~20.3.47",
        "@syncfusion/ej2-navigations": "~20.3.47",
        "@syncfusion/ej2-notifications": "~20.3.47",
        "@syncfusion/ej2-pdf-export": "~20.3.47",
        "@syncfusion/ej2-popups": "~20.3.47",
        "@syncfusion/ej2-splitbuttons": "~20.3.47"
      }
    },
    "@syncfusion/ej2-icons": {
      "version": "20.3.47",
      "resolved": "https://registry.npmjs.org/@syncfusion/ej2-icons/-/ej2-icons-20.3.47.tgz",
      "integrity": "sha512-5uQEkkyene5mm/o1G7GMSJqmSrFOWFyuJdEIqzZYBzr+7hwlq6P919A/XR3eDBJSIz1wTN65bTQ9SCl4j/us1g=="
    },
    "@syncfusion/ej2-inputs": {
      "version": "20.3.47",
      "resolved": "https://registry.npmjs.org/@syncfusion/ej2-inputs/-/ej2-inputs-20.3.47.tgz",
      "integrity": "sha512-eW//KpJDB4PY7vTCcjl5OlQgpIgEt9R6i92CDfjUdrBJS5oD7TtWrdWHzbmYQHiUJap88GFR29/TbZwxyvaOZw==",
      "requires": {
        "@syncfusion/ej2-base": "~20.3.47",
        "@syncfusion/ej2-buttons": "~20.3.47",
        "@syncfusion/ej2-popups": "~20.3.47",
        "@syncfusion/ej2-splitbuttons": "~20.3.47"
      }
    },
    "@syncfusion/ej2-layouts": {
      "version": "20.3.47",
      "resolved": "https://registry.npmjs.org/@syncfusion/ej2-layouts/-/ej2-layouts-20.3.47.tgz",
      "integrity": "sha512-uYdELhxMYyHWcAzmzaVUhLywQX52cLHlPj9ikSveXDUGNXlOYWr3JZA6FzcoYc+ZpgaWQ/9+LhqWK9Iazncx0g==",
      "requires": {
        "@syncfusion/ej2-base": "~20.3.47"
      }
    },
    "@syncfusion/ej2-lists": {
      "version": "20.3.47",
      "resolved": "https://registry.npmjs.org/@syncfusion/ej2-lists/-/ej2-lists-20.3.47.tgz",
      "integrity": "sha512-8TnBaltCBioqKef4g0/LVSuPOHGK0fnNcTYj3LrR6s2mV0NScZtbMCbDSWQu1T4mHAzxYAsm5jCa6Y6lx2h66g==",
      "requires": {
        "@syncfusion/ej2-base": "~20.3.47",
        "@syncfusion/ej2-buttons": "~20.3.47",
        "@syncfusion/ej2-data": "~20.3.47"
      }
    },
    "@syncfusion/ej2-navigations": {
      "version": "20.3.47",
      "resolved": "https://registry.npmjs.org/@syncfusion/ej2-navigations/-/ej2-navigations-20.3.47.tgz",
      "integrity": "sha512-vVuYygNaU47aln9o1nGgDE9HmnRr/vhbXmCWNozKm8KB1jKDSLVEKxV9+q/I8q8VLwziW4bkha0893ezNpN2Ag==",
      "requires": {
        "@syncfusion/ej2-base": "~20.3.47",
        "@syncfusion/ej2-buttons": "~20.3.47",
        "@syncfusion/ej2-data": "~20.3.47",
        "@syncfusion/ej2-inputs": "~20.3.47",
        "@syncfusion/ej2-lists": "~20.3.47",
        "@syncfusion/ej2-popups": "~20.3.47"
      }
    },
    "@syncfusion/ej2-notifications": {
      "version": "20.3.47",
      "resolved": "https://registry.npmjs.org/@syncfusion/ej2-notifications/-/ej2-notifications-20.3.47.tgz",
      "integrity": "sha512-aXSL2sdmF/dhyMBNA99uMZkIuTw6Dd06IHKgE8PXTeOjxP56Q+iUSVv2acP+GRnq1nG0mom6XOZ1nl2H0JGHfQ==",
      "requires": {
        "@syncfusion/ej2-base": "~20.3.47",
        "@syncfusion/ej2-buttons": "~20.3.47",
        "@syncfusion/ej2-popups": "~20.3.47"
      }
    },
    "@syncfusion/ej2-pdf-export": {
      "version": "20.3.47",
      "resolved": "https://registry.npmjs.org/@syncfusion/ej2-pdf-export/-/ej2-pdf-export-20.3.47.tgz",
      "integrity": "sha512-P1UBNRXTn23muxEUO/7LvrLvuhYWpvw1xHaa3rtLENYlQ6ycyqLgcL1nkZ9FOO/+AARagCV/IHiWdVDFE2pF3g==",
      "requires": {
        "@syncfusion/ej2-compression": "~20.3.47"
      }
    },
    "@syncfusion/ej2-popups": {
      "version": "20.3.47",
      "resolved": "https://registry.npmjs.org/@syncfusion/ej2-popups/-/ej2-popups-20.3.47.tgz",
      "integrity": "sha512-5MMkdB4hk0/thA8oxeSA93z83ci/D1nQV7leo03wUacutU7KE4Wq2eT5fmkYikmbjw8JcKA6Xlxc/NfwWEDFqQ==",
      "requires": {
        "@syncfusion/ej2-base": "~20.3.47",
        "@syncfusion/ej2-buttons": "~20.3.47"
      }
    },
    "@syncfusion/ej2-richtexteditor": {
      "version": "20.3.47",
      "resolved": "https://registry.npmjs.org/@syncfusion/ej2-richtexteditor/-/ej2-richtexteditor-20.3.47.tgz",
      "integrity": "sha512-/eqNtG0peZEaFs/0hcZ3bZ3rlGhmoXiZjrbqUgErNA9WmQx1yriyxGGucYW9eqQ5LmFQ3F7QhNMAkIWty1L/DA==",
      "requires": {
        "@syncfusion/ej2-base": "~20.3.47",
        "@syncfusion/ej2-buttons": "~20.3.47",
        "@syncfusion/ej2-filemanager": "~20.3.47",
        "@syncfusion/ej2-inputs": "~20.3.47",
        "@syncfusion/ej2-navigations": "~20.3.47",
        "@syncfusion/ej2-popups": "~20.3.47",
        "@syncfusion/ej2-splitbuttons": "~20.3.47"
      }
    },
    "@syncfusion/ej2-splitbuttons": {
      "version": "20.3.47",
      "resolved": "https://registry.npmjs.org/@syncfusion/ej2-splitbuttons/-/ej2-splitbuttons-20.3.47.tgz",
      "integrity": "sha512-0yPicWMdBzXgUTz3R7kOftBF8T5PXWcirES9KqMeR2Nn1ERt7r7VCSaGlVVtevWmxdPMaRMbyql6taXqiP78Ug==",
      "requires": {
        "@syncfusion/ej2-base": "~20.3.47",
        "@syncfusion/ej2-popups": "~20.3.47"
      }
    },
    "@types/youtube": {
      "version": "0.0.42",
      "resolved": "https://registry.npmjs.org/@types/youtube/-/youtube-0.0.42.tgz",
      "integrity": "sha512-Nqo3HMPFPcNyZ7HNFZJjpH+N4yXqpxBItG+41e7nL9zednovMRZMXWj36CctSznbBcbj6ucvkJDo5iZ8SKqLIw=="
    },
    "bootstrap-css-only": {
      "version": "4.4.1",
      "resolved": "https://registry.npmjs.org/bootstrap-css-only/-/bootstrap-css-only-4.4.1.tgz",
      "integrity": "sha512-iBgNli7RnedBFwn6sMTQoAZ8WgIwmX4kF1rckfj+pgro5q/Q0DbLtcpfH60XoFnCXzbEJU/khC/B2EQap89mCg=="
    },
    "core-js": {
      "version": "3.25.5",
      "resolved": "https://registry.npmjs.org/core-js/-/core-js-3.25.5.tgz",
      "integrity": "sha512-nbm6eZSjm+ZuBQxCUPQKQCoUEfFOXjUZ8dTTyikyKaWrTYmAVbykQfwsKE5dBK88u3QCkCrzsx/PPlKfhsvgpw=="
    },
    "detect-it": {
      "version": "4.0.1",
      "resolved": "https://registry.npmjs.org/detect-it/-/detect-it-4.0.1.tgz",
      "integrity": "sha512-dg5YBTJYvogK1+dA2mBUDKzOWfYZtHVba89SyZUhc4+e3i2tzgjANFg5lDRCd3UOtRcw00vUTMK8LELcMdicug=="
    },
    "detect-passive-events": {
      "version": "2.0.3",
      "resolved": "https://registry.npmjs.org/detect-passive-events/-/detect-passive-events-2.0.3.tgz",
      "integrity": "sha512-QN/1X65Axis6a9D8qg8Py9cwY/fkWAmAH/edTbmLMcv4m5dboLJ7LcAi8CfaCON2tjk904KwKX/HTdsHC6yeRg==",
      "requires": {
        "detect-it": "^4.0.1"
      }
    },
    "ng-cdbangular": {
      "version": "1.0.0",
      "resolved": "https://registry.npmjs.org/ng-cdbangular/-/ng-cdbangular-1.0.0.tgz",
      "integrity": "sha512-fOU976pc7DBVSyeryhTK3S7+ZaZhO77kW2Ds00TImVoQexlX1Ysl9m1F5pQZ14u/aCW2X7xNi2KPYfDeKXRPrQ==",
      "requires": {
        "@angular-slider/ngx-slider": "^2.0.3",
        "@popperjs/core": "^2.5.4",
        "bootstrap-css-only": "^4.4.1",
        "tslib": "^2.0.0"
      }
    },
    "ng2-file-upload": {
      "version": "1.4.0",
      "resolved": "https://registry.npmjs.org/ng2-file-upload/-/ng2-file-upload-1.4.0.tgz",
      "integrity": "sha512-3J/KPU/tyh/ad6TFeUbrxX+SihUj0iOEt2Zsg4EX7mB3GFiQscXOfcUOxCkBtPWWWaqt3azrYbVGzsYa3/7NzQ==",
      "requires": {
        "tslib": "^1.9.0"
      },
      "dependencies": {
        "tslib": {
          "version": "1.14.1",
          "resolved": "https://registry.npmjs.org/tslib/-/tslib-1.14.1.tgz",
          "integrity": "sha512-Xni35NKzjgMrwevysHTCArtLDpPvye8zV/0E4EyYn43P7/7qvQwPh9BGkHewbMulVntbigmcT7rdX3BNo9wRJg=="
        }
      }
    },
    "reflect-metadata": {
      "version": "0.1.13",
      "resolved": "https://registry.npmjs.org/reflect-metadata/-/reflect-metadata-0.1.13.tgz",
      "integrity": "sha512-Ts1Y/anZELhSsjMcU605fU9RE4Oi3p5ORujwbIKXfWa+0Zxs510Qrmrce5/Jowq3cHSZSJqBjypxmHarc+vEWg=="
    },
    "rxjs": {
      "version": "6.6.7",
      "resolved": "https://registry.npmjs.org/rxjs/-/rxjs-6.6.7.tgz",
      "integrity": "sha512-hTdwr+7yYNIT5n4AMYp85KA6yw2Va0FLa3Rguvbpa4W3I5xynaBZo41cM3XM+4Q6fRMj3sBYIR1VAmZMXYJvRQ==",
      "requires": {
        "tslib": "^1.9.0"
      },
      "dependencies": {
        "tslib": {
          "version": "1.14.1",
          "resolved": "https://registry.npmjs.org/tslib/-/tslib-1.14.1.tgz",
          "integrity": "sha512-Xni35NKzjgMrwevysHTCArtLDpPvye8zV/0E4EyYn43P7/7qvQwPh9BGkHewbMulVntbigmcT7rdX3BNo9wRJg=="
        }
      }
    },
    "rxjs-compat": {
      "version": "6.6.7",
      "resolved": "https://registry.npmjs.org/rxjs-compat/-/rxjs-compat-6.6.7.tgz",
      "integrity": "sha512-szN4fK+TqBPOFBcBcsR0g2cmTTUF/vaFEOZNuSdfU8/pGFnNmmn2u8SystYXG1QMrjOPBc6XTKHMVfENDf6hHw=="
    },
    "tslib": {
      "version": "2.4.0",
      "resolved": "https://registry.npmjs.org/tslib/-/tslib-2.4.0.tgz",
      "integrity": "sha512-d6xOpEDfsi2CZVlPQzGeux8XMwLT9hssAsaPYExaQMuYskwb+x1x7J371tWlbBdWHroy99KnVB6qIkUbs5X3UQ=="
    },
    "zone.js": {
      "version": "0.10.3",
      "resolved": "https://registry.npmjs.org/zone.js/-/zone.js-0.10.3.tgz",
      "integrity": "sha512-LXVLVEq0NNOqK/fLJo3d0kfzd4sxwn2/h67/02pjCjfKDxgx1i9QqpvtHD8CrBnSSwMw5+dy11O7FRX5mkO7Cg=="
    }
  }
}
